# This file is autogenerated, do not edit; changes may be undone by the next 'dep ensure'.


[[projects]]
  branch = "master"
  digest = "1:7ab5abf062ef87005eb68929aa3288c9fd8528efe715ba591813e716c90a978e"
  name = "github.com/kyokomi/emoji"
  packages = ["."]
  pruneopts = "UT"
  revision = "4610be54f4e805c862c5e6673c0c957eec03dbe5"

[solve-meta]
  analyzer-name = "dep"
  analyzer-version = 1
  input-imports = ["github.com/kyokomi/emoji"]
  solver-name = "gps-cdcl"
  solver-version = 1
